{
  "name": "ai-studybuddy-frontend",
  "version": "1.0.0",
  "lockfileVersion": 3,
  "requires": true,
  "packages": {
    "": {
      "name": "ai-studybuddy-frontend",
      "version": "1.0.0",
      "license": "ISC",
      "dependencies": {
        "ai-studybuddy": "file:.."
      }
    },
    "..": {
      "name": "ai-studybuddy",
      "version": "1.0.0",
      "license": "ISC"
    },
    "node_modules/ai-studybuddy": {
      "resolved": "..",
      "link": true
    }
  }
}
